
Microsoft Visual Studio Solution File, Format Version 12.00
# Visual Studio Version 16
VisualStudioVersion = 16.0.29613.14
MinimumVisualStudioVersion = 10.0.40219.1
Project("{FAE04EC0-301F-11D3-BF4B-00C04F79EFBC}") = "lab1", "lab2sem\lab1.csproj", "{D94059F2-D58E-48EB-8A2D-7CCCF5BFE68A}"
EndProject
Project("{FAE04EC0-301F-11D3-BF4B-00C04F79EFBC}") = "lab2_1", "lab2\lab2_1.csproj", "{6EA3D659-8650-43DC-B7DC-08FE6CE5A275}"
EndProject
Project("{FAE04EC0-301F-11D3-BF4B-00C04F79EFBC}") = "lab2_2", "lab_2_2\lab2_2.csproj", "{230EF9C4-D5B1-4996-91DA-3C5D23FE45A5}"
EndProject
Project("{FAE04EC0-301F-11D3-BF4B-00C04F79EFBC}") = "lab2_3", "lab2_3\lab2_3.csproj", "{F4D3E881-8B59-491D-BE58-D10EBF3E3E02}"
EndProject
Project("{FAE04EC0-301F-11D3-BF4B-00C04F79EFBC}") = "lab3_1", "lab3_1\lab3_1.csproj", "{0E938763-0E5F-4505-ACC2-DBB99A5BCFD8}"
EndProject
Project("{FAE04EC0-301F-11D3-BF4B-00C04F79EFBC}") = "lab3_2", "lab3_2\lab3_2.csproj", "{43F0708C-C7D8-4F8E-9ED4-73049E2F524D}"
EndProject
Project("{FAE04EC0-301F-11D3-BF4B-00C04F79EFBC}") = "lab4", "lab4\lab4.csproj", "{92AB4859-9862-4013-A499-F022D6C11AFF}"
EndProject
Project("{FAE04EC0-301F-11D3-BF4B-00C04F79EFBC}") = "lab5", "lab5\lab5.csproj", "{B877764F-C1FC-4504-B2A2-300DBD48847B}"
EndProject
Project("{FAE04EC0-301F-11D3-BF4B-00C04F79EFBC}") = "lab6", "lab6\lab6.csproj", "{3B84F9E9-746C-4A57-91D3-682B09D07C83}"
EndProject
Project("{FAE04EC0-301F-11D3-BF4B-00C04F79EFBC}") = "lab7", "lab7\lab7.csproj", "{F82A2664-500C-4A90-9D36-2E178D26A874}"
EndProject
Project("{FAE04EC0-301F-11D3-BF4B-00C04F79EFBC}") = "lab8", "lab8\lab8.csproj", "{6B1E7E64-0F6F-4358-B671-4CADD3C7262D}"
EndProject
Project("{FAE04EC0-301F-11D3-BF4B-00C04F79EFBC}") = "lab9", "lab9\lab9.csproj", "{282B8684-F2CD-41DB-A251-9277CE68E34C}"
EndProject
Project("{FAE04EC0-301F-11D3-BF4B-00C04F79EFBC}") = "lab10", "lab10\lab10.csproj", "{1D14D6FE-BBD9-41ED-8CF9-9BA7398C8393}"
EndProject
Project("{FAE04EC0-301F-11D3-BF4B-00C04F79EFBC}") = "lab11", "lab11\lab11.csproj", "{46D0AABE-0854-4071-AF2B-42832B5D57E8}"
EndProject
Project("{FAE04EC0-301F-11D3-BF4B-00C04F79EFBC}") = "lab12", "lab12\lab12.csproj", "{136EEFF2-D114-431D-B652-A2256FFAE885}"
EndProject
Project("{FAE04EC0-301F-11D3-BF4B-00C04F79EFBC}") = "lab13", "lab13\lab13.csproj", "{A629D33B-713E-4E86-8894-0CFB00022C6F}"
EndProject
Project("{FAE04EC0-301F-11D3-BF4B-00C04F79EFBC}") = "lab14_1", "lab14_1\lab14_1.csproj", "{6C4C9400-3315-4D1D-A78F-E127A36E4E61}"
EndProject
Project("{FAE04EC0-301F-11D3-BF4B-00C04F79EFBC}") = "lab14_2", "lab14_2\lab14_2.csproj", "{9AF31E92-D3E1-43A8-8661-17584CE6916D}"
EndProject
Project("{FAE04EC0-301F-11D3-BF4B-00C04F79EFBC}") = "lab14_3", "lab14_3\lab14_3.csproj", "{AC598B7B-FB5D-401F-976D-1345A21EF3F5}"
EndProject
Project("{FAE04EC0-301F-11D3-BF4B-00C04F79EFBC}") = "lab14_4", "lab14_4\lab14_4.csproj", "{18016756-96D9-4C00-B4E6-DF97178FB95C}"
EndProject
Project("{FAE04EC0-301F-11D3-BF4B-00C04F79EFBC}") = "lab14_5", "lab14_5\lab14_5.csproj", "{98DA10EB-D8F9-4AA1-ACF8-5A144DD18C60}"
EndProject
Project("{FAE04EC0-301F-11D3-BF4B-00C04F79EFBC}") = "lab14_6", "lab14_6\lab14_6.csproj", "{36BC1688-AB97-4DC4-922D-38994DFC3231}"
EndProject
Project("{FAE04EC0-301F-11D3-BF4B-00C04F79EFBC}") = "lab14_7", "lab14_7\lab14_7.csproj", "{5B82B050-355C-4BF3-9922-9369319B91B5}"
EndProject
Global
	GlobalSection(SolutionConfigurationPlatforms) = preSolution
		Debug|Any CPU = Debug|Any CPU
		Release|Any CPU = Release|Any CPU
	EndGlobalSection
	GlobalSection(ProjectConfigurationPlatforms) = postSolution
		{D94059F2-D58E-48EB-8A2D-7CCCF5BFE68A}.Debug|Any CPU.ActiveCfg = Debug|Any CPU
		{D94059F2-D58E-48EB-8A2D-7CCCF5BFE68A}.Debug|Any CPU.Build.0 = Debug|Any CPU
		{D94059F2-D58E-48EB-8A2D-7CCCF5BFE68A}.Release|Any CPU.ActiveCfg = Release|Any CPU
		{D94059F2-D58E-48EB-8A2D-7CCCF5BFE68A}.Release|Any CPU.Build.0 = Release|Any CPU
		{6EA3D659-8650-43DC-B7DC-08FE6CE5A275}.Debug|Any CPU.ActiveCfg = Debug|Any CPU
		{6EA3D659-8650-43DC-B7DC-08FE6CE5A275}.Debug|Any CPU.Build.0 = Debug|Any CPU
		{6EA3D659-8650-43DC-B7DC-08FE6CE5A275}.Release|Any CPU.ActiveCfg = Release|Any CPU
		{6EA3D659-8650-43DC-B7DC-08FE6CE5A275}.Release|Any CPU.Build.0 = Release|Any CPU
		{230EF9C4-D5B1-4996-91DA-3C5D23FE45A5}.Debug|Any CPU.ActiveCfg = Debug|Any CPU
		{230EF9C4-D5B1-4996-91DA-3C5D23FE45A5}.Debug|Any CPU.Build.0 = Debug|Any CPU
		{230EF9C4-D5B1-4996-91DA-3C5D23FE45A5}.Release|Any CPU.ActiveCfg = Release|Any CPU
		{230EF9C4-D5B1-4996-91DA-3C5D23FE45A5}.Release|Any CPU.Build.0 = Release|Any CPU
		{F4D3E881-8B59-491D-BE58-D10EBF3E3E02}.Debug|Any CPU.ActiveCfg = Debug|Any CPU
		{F4D3E881-8B59-491D-BE58-D10EBF3E3E02}.Debug|Any CPU.Build.0 = Debug|Any CPU
		{F4D3E881-8B59-491D-BE58-D10EBF3E3E02}.Release|Any CPU.ActiveCfg = Release|Any CPU
		{F4D3E881-8B59-491D-BE58-D10EBF3E3E02}.Release|Any CPU.Build.0 = Release|Any CPU
		{0E938763-0E5F-4505-ACC2-DBB99A5BCFD8}.Debug|Any CPU.ActiveCfg = Debug|Any CPU
		{0E938763-0E5F-4505-ACC2-DBB99A5BCFD8}.Debug|Any CPU.Build.0 = Debug|Any CPU
		{0E938763-0E5F-4505-ACC2-DBB99A5BCFD8}.Release|Any CPU.ActiveCfg = Release|Any CPU
		{0E938763-0E5F-4505-ACC2-DBB99A5BCFD8}.Release|Any CPU.Build.0 = Release|Any CPU
		{43F0708C-C7D8-4F8E-9ED4-73049E2F524D}.Debug|Any CPU.ActiveCfg = Debug|Any CPU
		{43F0708C-C7D8-4F8E-9ED4-73049E2F524D}.Debug|Any CPU.Build.0 = Debug|Any CPU
		{43F0708C-C7D8-4F8E-9ED4-73049E2F524D}.Release|Any CPU.ActiveCfg = Release|Any CPU
		{43F0708C-C7D8-4F8E-9ED4-73049E2F524D}.Release|Any CPU.Build.0 = Release|Any CPU
		{92AB4859-9862-4013-A499-F022D6C11AFF}.Debug|Any CPU.ActiveCfg = Debug|Any CPU
		{92AB4859-9862-4013-A499-F022D6C11AFF}.Debug|Any CPU.Build.0 = Debug|Any CPU
		{92AB4859-9862-4013-A499-F022D6C11AFF}.Release|Any CPU.ActiveCfg = Release|Any CPU
		{92AB4859-9862-4013-A499-F022D6C11AFF}.Release|Any CPU.Build.0 = Release|Any CPU
		{B877764F-C1FC-4504-B2A2-300DBD48847B}.Debug|Any CPU.ActiveCfg = Debug|Any CPU
		{B877764F-C1FC-4504-B2A2-300DBD48847B}.Debug|Any CPU.Build.0 = Debug|Any CPU
		{B877764F-C1FC-4504-B2A2-300DBD48847B}.Release|Any CPU.ActiveCfg = Release|Any CPU
		{B877764F-C1FC-4504-B2A2-300DBD48847B}.Release|Any CPU.Build.0 = Release|Any CPU
		{3B84F9E9-746C-4A57-91D3-682B09D07C83}.Debug|Any CPU.ActiveCfg = Debug|Any CPU
		{3B84F9E9-746C-4A57-91D3-682B09D07C83}.Debug|Any CPU.Build.0 = Debug|Any CPU
		{3B84F9E9-746C-4A57-91D3-682B09D07C83}.Release|Any CPU.ActiveCfg = Release|Any CPU
		{3B84F9E9-746C-4A57-91D3-682B09D07C83}.Release|Any CPU.Build.0 = Release|Any CPU
		{F82A2664-500C-4A90-9D36-2E178D26A874}.Debug|Any CPU.ActiveCfg = Debug|Any CPU
		{F82A2664-500C-4A90-9D36-2E178D26A874}.Debug|Any CPU.Build.0 = Debug|Any CPU
		{F82A2664-500C-4A90-9D36-2E178D26A874}.Release|Any CPU.ActiveCfg = Release|Any CPU
		{F82A2664-500C-4A90-9D36-2E178D26A874}.Release|Any CPU.Build.0 = Release|Any CPU
		{6B1E7E64-0F6F-4358-B671-4CADD3C7262D}.Debug|Any CPU.ActiveCfg = Debug|Any CPU
		{6B1E7E64-0F6F-4358-B671-4CADD3C7262D}.Debug|Any CPU.Build.0 = Debug|Any CPU
		{6B1E7E64-0F6F-4358-B671-4CADD3C7262D}.Release|Any CPU.ActiveCfg = Release|Any CPU
		{6B1E7E64-0F6F-4358-B671-4CADD3C7262D}.Release|Any CPU.Build.0 = Release|Any CPU
		{282B8684-F2CD-41DB-A251-9277CE68E34C}.Debug|Any CPU.ActiveCfg = Debug|Any CPU
		{282B8684-F2CD-41DB-A251-9277CE68E34C}.Debug|Any CPU.Build.0 = Debug|Any CPU
		{282B8684-F2CD-41DB-A251-9277CE68E34C}.Release|Any CPU.ActiveCfg = Release|Any CPU
		{282B8684-F2CD-41DB-A251-9277CE68E34C}.Release|Any CPU.Build.0 = Release|Any CPU
		{1D14D6FE-BBD9-41ED-8CF9-9BA7398C8393}.Debug|Any CPU.ActiveCfg = Debug|Any CPU
		{1D14D6FE-BBD9-41ED-8CF9-9BA7398C8393}.Debug|Any CPU.Build.0 = Debug|Any CPU
		{1D14D6FE-BBD9-41ED-8CF9-9BA7398C8393}.Release|Any CPU.ActiveCfg = Release|Any CPU
		{1D14D6FE-BBD9-41ED-8CF9-9BA7398C8393}.Release|Any CPU.Build.0 = Release|Any CPU
		{46D0AABE-0854-4071-AF2B-42832B5D57E8}.Debug|Any CPU.ActiveCfg = Debug|Any CPU
		{46D0AABE-0854-4071-AF2B-42832B5D57E8}.Debug|Any CPU.Build.0 = Debug|Any CPU
		{46D0AABE-0854-4071-AF2B-42832B5D57E8}.Release|Any CPU.ActiveCfg = Release|Any CPU
		{46D0AABE-0854-4071-AF2B-42832B5D57E8}.Release|Any CPU.Build.0 = Release|Any CPU
		{136EEFF2-D114-431D-B652-A2256FFAE885}.Debug|Any CPU.ActiveCfg = Debug|Any CPU
		{136EEFF2-D114-431D-B652-A2256FFAE885}.Debug|Any CPU.Build.0 = Debug|Any CPU
		{136EEFF2-D114-431D-B652-A2256FFAE885}.Release|Any CPU.ActiveCfg = Release|Any CPU
		{136EEFF2-D114-431D-B652-A2256FFAE885}.Release|Any CPU.Build.0 = Release|Any CPU
		{A629D33B-713E-4E86-8894-0CFB00022C6F}.Debug|Any CPU.ActiveCfg = Debug|Any CPU
		{A629D33B-713E-4E86-8894-0CFB00022C6F}.Debug|Any CPU.Build.0 = Debug|Any CPU
		{A629D33B-713E-4E86-8894-0CFB00022C6F}.Release|Any CPU.ActiveCfg = Release|Any CPU
		{A629D33B-713E-4E86-8894-0CFB00022C6F}.Release|Any CPU.Build.0 = Release|Any CPU
		{6C4C9400-3315-4D1D-A78F-E127A36E4E61}.Debug|Any CPU.ActiveCfg = Debug|Any CPU
		{6C4C9400-3315-4D1D-A78F-E127A36E4E61}.Debug|Any CPU.Build.0 = Debug|Any CPU
		{6C4C9400-3315-4D1D-A78F-E127A36E4E61}.Release|Any CPU.ActiveCfg = Release|Any CPU
		{6C4C9400-3315-4D1D-A78F-E127A36E4E61}.Release|Any CPU.Build.0 = Release|Any CPU
		{9AF31E92-D3E1-43A8-8661-17584CE6916D}.Debug|Any CPU.ActiveCfg = Debug|Any CPU
		{9AF31E92-D3E1-43A8-8661-17584CE6916D}.Debug|Any CPU.Build.0 = Debug|Any CPU
		{9AF31E92-D3E1-43A8-8661-17584CE6916D}.Release|Any CPU.ActiveCfg = Release|Any CPU
		{9AF31E92-D3E1-43A8-8661-17584CE6916D}.Release|Any CPU.Build.0 = Release|Any CPU
		{AC598B7B-FB5D-401F-976D-1345A21EF3F5}.Debug|Any CPU.ActiveCfg = Debug|Any CPU
		{AC598B7B-FB5D-401F-976D-1345A21EF3F5}.Debug|Any CPU.Build.0 = Debug|Any CPU
		{AC598B7B-FB5D-401F-976D-1345A21EF3F5}.Release|Any CPU.ActiveCfg = Release|Any CPU
		{AC598B7B-FB5D-401F-976D-1345A21EF3F5}.Release|Any CPU.Build.0 = Release|Any CPU
		{18016756-96D9-4C00-B4E6-DF97178FB95C}.Debug|Any CPU.ActiveCfg = Debug|Any CPU
		{18016756-96D9-4C00-B4E6-DF97178FB95C}.Debug|Any CPU.Build.0 = Debug|Any CPU
		{18016756-96D9-4C00-B4E6-DF97178FB95C}.Release|Any CPU.ActiveCfg = Release|Any CPU
		{18016756-96D9-4C00-B4E6-DF97178FB95C}.Release|Any CPU.Build.0 = Release|Any CPU
		{98DA10EB-D8F9-4AA1-ACF8-5A144DD18C60}.Debug|Any CPU.ActiveCfg = Debug|Any CPU
		{98DA10EB-D8F9-4AA1-ACF8-5A144DD18C60}.Debug|Any CPU.Build.0 = Debug|Any CPU
		{98DA10EB-D8F9-4AA1-ACF8-5A144DD18C60}.Release|Any CPU.ActiveCfg = Release|Any CPU
		{98DA10EB-D8F9-4AA1-ACF8-5A144DD18C60}.Release|Any CPU.Build.0 = Release|Any CPU
		{36BC1688-AB97-4DC4-922D-38994DFC3231}.Debug|Any CPU.ActiveCfg = Debug|Any CPU
		{36BC1688-AB97-4DC4-922D-38994DFC3231}.Debug|Any CPU.Build.0 = Debug|Any CPU
		{36BC1688-AB97-4DC4-922D-38994DFC3231}.Release|Any CPU.ActiveCfg = Release|Any CPU
		{36BC1688-AB97-4DC4-922D-38994DFC3231}.Release|Any CPU.Build.0 = Release|Any CPU
		{5B82B050-355C-4BF3-9922-9369319B91B5}.Debug|Any CPU.ActiveCfg = Debug|Any CPU
		{5B82B050-355C-4BF3-9922-9369319B91B5}.Debug|Any CPU.Build.0 = Debug|Any CPU
		{5B82B050-355C-4BF3-9922-9369319B91B5}.Release|Any CPU.ActiveCfg = Release|Any CPU
		{5B82B050-355C-4BF3-9922-9369319B91B5}.Release|Any CPU.Build.0 = Release|Any CPU
	EndGlobalSection
	GlobalSection(SolutionProperties) = preSolution
		HideSolutionNode = FALSE
	EndGlobalSection
	GlobalSection(ExtensibilityGlobals) = postSolution
		SolutionGuid = {17D43C5B-7378-49AE-9C9F-828F06CEB158}
	EndGlobalSection
EndGlobal
